<Solution>
  <Folder Name="/Solution Items/">
    <File Path="Directory.Packages.props" />
  </Folder>
  <Folder Name="/src/">
    <Project Path="src/Languages/Languages.csproj" />
    <Project Path="src/LSP/LSP.fsproj">
    </Project>
    <Project Path="src/Main/Main.fsproj">
    </Project>
  </Folder>
  <Folder Name="/tests/" />
  <Project Path="build/build.fsproj" />
</Solution>
